
Microsoft Visual Studio Solution File, Format Version 12.00
# Visual Studio Version 17
VisualStudioVersion = 17.14.36414.22 d17.14
MinimumVisualStudioVersion = 10.0.40219.1
Project("{FAE04EC0-301F-11D3-BF4B-00C04F79EFBC}") = "FilmesAPI", "FilmesAPI\FilmesAPI.csproj", "{5BAE6DD7-8966-4651-9D68-BB3D15222800}"
EndProject
Global
	GlobalSection(SolutionConfigurationPlatforms) = preSolution
		Debug|Any CPU = Debug|Any CPU
		Release|Any CPU = Release|Any CPU
	EndGlobalSection
	GlobalSection(ProjectConfigurationPlatforms) = postSolution
		{5BAE6DD7-8966-4651-9D68-BB3D15222800}.Debug|Any CPU.ActiveCfg = Debug|Any CPU
		{5BAE6DD7-8966-4651-9D68-BB3D15222800}.Debug|Any CPU.Build.0 = Debug|Any CPU
		{5BAE6DD7-8966-4651-9D68-BB3D15222800}.Release|Any CPU.ActiveCfg = Release|Any CPU
		{5BAE6DD7-8966-4651-9D68-BB3D15222800}.Release|Any CPU.Build.0 = Release|Any CPU
	EndGlobalSection
	GlobalSection(SolutionProperties) = preSolution
		HideSolutionNode = FALSE
	EndGlobalSection
	GlobalSection(ExtensibilityGlobals) = postSolution
		SolutionGuid = {8C95C223-868C-4956-B6DA-EF21D4703464}
	EndGlobalSection
EndGlobal
